// !$*UTF8*$!
{
	archiveVersion = 1;
	classes = {
	};
	objectVersion = 56;
	objects = {

/* Begin PBXBuildFile section */
		6CA3185E2BD5CAC8007E2801 /* CustomTableViewCell.m in Sources */ = {isa = PBXBuildFile; fileRef = 6CA3185D2BD5CAC8007E2801 /* CustomTableViewCell.m */; };
		6CA318602BD5CBB5007E2801 /* low.png in Resources */ = {isa = PBXBuildFile; fileRef = 6CA3185F2BD5CBB5007E2801 /* low.png */; };
		6CA318622BD5D387007E2801 /* meduim.png in Resources */ = {isa = PBXBuildFile; fileRef = 6CA318612BD5D387007E2801 /* meduim.png */; };
		6CA318642BD5D38A007E2801 /* high.png in Resources */ = {isa = PBXBuildFile; fileRef = 6CA318632BD5D38A007E2801 /* high.png */; };
		6CA318672BD6275B007E2801 /* EditTableViewCell.m in Sources */ = {isa = PBXBuildFile; fileRef = 6CA318662BD6275B007E2801 /* EditTableViewCell.m */; };
		6CD024692BD50C0600EC3285 /* AppDelegate.m in Sources */ = {isa = PBXBuildFile; fileRef = 6CD024682BD50C0600EC3285 /* AppDelegate.m */; };
		6CD0246C2BD50C0600EC3285 /* SceneDelegate.m in Sources */ = {isa = PBXBuildFile; fileRef = 6CD0246B2BD50C0600EC3285 /* SceneDelegate.m */; };
		6CD0246F2BD50C0600EC3285 /* ViewController.m in Sources */ = {isa = PBXBuildFile; fileRef = 6CD0246E2BD50C0600EC3285 /* ViewController.m */; };
		6CD024722BD50C0600EC3285 /* Main.storyboard in Resources */ = {isa = PBXBuildFile; fileRef = 6CD024702BD50C0600EC3285 /* Main.storyboard */; };
		6CD024742BD50C1300EC3285 /* Assets.xcassets in Resources */ = {isa = PBXBuildFile; fileRef = 6CD024732BD50C1300EC3285 /* Assets.xcassets */; };
		6CD024772BD50C1300EC3285 /* LaunchScreen.storyboard in Resources */ = {isa = PBXBuildFile; fileRef = 6CD024752BD50C1300EC3285 /* LaunchScreen.storyboard */; };
		6CD0247A2BD50C1300EC3285 /* main.m in Sources */ = {isa = PBXBuildFile; fileRef = 6CD024792BD50C1300EC3285 /* main.m */; };
		6CD024842BD50C1500EC3285 /* TodoListAppTests.m in Sources */ = {isa = PBXBuildFile; fileRef = 6CD024832BD50C1500EC3285 /* TodoListAppTests.m */; };
		6CD0248E2BD50C1500EC3285 /* TodoListAppUITests.m in Sources */ = {isa = PBXBuildFile; fileRef = 6CD0248D2BD50C1500EC3285 /* TodoListAppUITests.m */; };
		6CD024902BD50C1500EC3285 /* TodoListAppUITestsLaunchTests.m in Sources */ = {isa = PBXBuildFile; fileRef = 6CD0248F2BD50C1500EC3285 /* TodoListAppUITestsLaunchTests.m */; };
		6CD0249E2BD50FDD00EC3285 /* InProgressViewController.m in Sources */ = {isa = PBXBuildFile; fileRef = 6CD0249D2BD50FDD00EC3285 /* InProgressViewController.m */; };
		6CD024A12BD50FF800EC3285 /* DoneViewController.m in Sources */ = {isa = PBXBuildFile; fileRef = 6CD024A02BD50FF800EC3285 /* DoneViewController.m */; };
		6CD024A42BD5169E00EC3285 /* TodoDetailsViewController.m in Sources */ = {isa = PBXBuildFile; fileRef = 6CD024A32BD5169E00EC3285 /* TodoDetailsViewController.m */; };
		6CD024A72BD5313700EC3285 /* TodoData.m in Sources */ = {isa = PBXBuildFile; fileRef = 6CD024A62BD5313700EC3285 /* TodoData.m */; };
/* End PBXBuildFile section */

/* Begin PBXContainerItemProxy section */
		6CD024802BD50C1500EC3285 /* PBXContainerItemProxy */ = {
			isa = PBXContainerItemProxy;
			containerPortal = 6CD0245C2BD50C0500EC3285 /* Project object */;
			proxyType = 1;
			remoteGlobalIDString = 6CD024632BD50C0500EC3285;
			remoteInfo = TodoListApp;
		};
		6CD0248A2BD50C1500EC3285 /* PBXContainerItemProxy */ = {
			isa = PBXContainerItemProxy;
			containerPortal = 6CD0245C2BD50C0500EC3285 /* Project object */;
			proxyType = 1;
			remoteGlobalIDString = 6CD024632BD50C0500EC3285;
			remoteInfo = TodoListApp;
		};
/* End PBXContainerItemProxy section */

/* Begin PBXFileReference section */
		6CA3185B2BD5BA45007E2801 /* TodoDetailsViewControllerDelegate.h */ = {isa = PBXFileReference; lastKnownFileType = sourcecode.c.h; path = TodoDetailsViewControllerDelegate.h; sourceTree = "<group>"; };
		6CA3185C2BD5CAC8007E2801 /* CustomTableViewCell.h */ = {isa = PBXFileReference; lastKnownFileType = sourcecode.c.h; path = CustomTableViewCell.h; sourceTree = "<group>"; };
		6CA3185D2BD5CAC8007E2801 /* CustomTableViewCell.m */ = {isa = PBXFileReference; lastKnownFileType = sourcecode.c.objc; path = CustomTableViewCell.m; sourceTree = "<group>"; };
		6CA3185F2BD5CBB5007E2801 /* low.png */ = {isa = PBXFileReference; lastKnownFileType = image.png; path = low.png; sourceTree = "<group>"; };
		6CA318612BD5D387007E2801 /* meduim.png */ = {isa = PBXFileReference; lastKnownFileType = image.png; path = meduim.png; sourceTree = "<group>"; };
		6CA318632BD5D38A007E2801 /* high.png */ = {isa = PBXFileReference; lastKnownFileType = image.png; path = high.png; sourceTree = "<group>"; };
		6CA318652BD6275B007E2801 /* EditTableViewCell.h */ = {isa = PBXFileReference; lastKnownFileType = sourcecode.c.h; path = EditTableViewCell.h; sourceTree = "<group>"; };
		6CA318662BD6275B007E2801 /* EditTableViewCell.m */ = {isa = PBXFileReference; lastKnownFileType = sourcecode.c.objc; path = EditTableViewCell.m; sourceTree = "<group>"; };
		6CD024642BD50C0600EC3285 /* TodoListApp.app */ = {isa = PBXFileReference; explicitFileType = wrapper.application; includeInIndex = 0; path = TodoListApp.app; sourceTree = BUILT_PRODUCTS_DIR; };
		6CD024672BD50C0600EC3285 /* AppDelegate.h */ = {isa = PBXFileReference; lastKnownFileType = sourcecode.c.h; path = AppDelegate.h; sourceTree = "<group>"; };
		6CD024682BD50C0600EC3285 /* AppDelegate.m */ = {isa = PBXFileReference; lastKnownFileType = sourcecode.c.objc; path = AppDelegate.m; sourceTree = "<group>"; };
		6CD0246A2BD50C0600EC3285 /* SceneDelegate.h */ = {isa = PBXFileReference; lastKnownFileType = sourcecode.c.h; path = SceneDelegate.h; sourceTree = "<group>"; };
		6CD0246B2BD50C0600EC3285 /* SceneDelegate.m */ = {isa = PBXFileReference; lastKnownFileType = sourcecode.c.objc; path = SceneDelegate.m; sourceTree = "<group>"; };
		6CD0246D2BD50C0600EC3285 /* ViewController.h */ = {isa = PBXFileReference; lastKnownFileType = sourcecode.c.h; path = ViewController.h; sourceTree = "<group>"; };
		6CD0246E2BD50C0600EC3285 /* ViewController.m */ = {isa = PBXFileReference; lastKnownFileType = sourcecode.c.objc; path = ViewController.m; sourceTree = "<group>"; };
		6CD024712BD50C0600EC3285 /* Base */ = {isa = PBXFileReference; lastKnownFileType = file.storyboard; name = Base; path = Base.lproj/Main.storyboard; sourceTree = "<group>"; };
		6CD024732BD50C1300EC3285 /* Assets.xcassets */ = {isa = PBXFileReference; lastKnownFileType = folder.assetcatalog; path = Assets.xcassets; sourceTree = "<group>"; };
		6CD024762BD50C1300EC3285 /* Base */ = {isa = PBXFileReference; lastKnownFileType = file.storyboard; name = Base; path = Base.lproj/LaunchScreen.storyboard; sourceTree = "<group>"; };
		6CD024782BD50C1300EC3285 /* Info.plist */ = {isa = PBXFileReference; lastKnownFileType = text.plist.xml; path = Info.plist; sourceTree = "<group>"; };
		6CD024792BD50C1300EC3285 /* main.m */ = {isa = PBXFileReference; lastKnownFileType = sourcecode.c.objc; path = main.m; sourceTree = "<group>"; };
		6CD0247F2BD50C1500EC3285 /* TodoListAppTests.xctest */ = {isa = PBXFileReference; explicitFileType = wrapper.cfbundle; includeInIndex = 0; path = TodoListAppTests.xctest; sourceTree = BUILT_PRODUCTS_DIR; };
		6CD024832BD50C1500EC3285 /* TodoListAppTests.m */ = {isa = PBXFileReference; lastKnownFileType = sourcecode.c.objc; path = TodoListAppTests.m; sourceTree = "<group>"; };
		6CD024892BD50C1500EC3285 /* TodoListAppUITests.xctest */ = {isa = PBXFileReference; explicitFileType = wrapper.cfbundle; includeInIndex = 0; path = TodoListAppUITests.xctest; sourceTree = BUILT_PRODUCTS_DIR; };
		6CD0248D2BD50C1500EC3285 /* TodoListAppUITests.m */ = {isa = PBXFileReference; lastKnownFileType = sourcecode.c.objc; path = TodoListAppUITests.m; sourceTree = "<group>"; };
		6CD0248F2BD50C1500EC3285 /* TodoListAppUITestsLaunchTests.m */ = {isa = PBXFileReference; lastKnownFileType = sourcecode.c.objc; path = TodoListAppUITestsLaunchTests.m; sourceTree = "<group>"; };
		6CD0249C2BD50FDD00EC3285 /* InProgressViewController.h */ = {isa = PBXFileReference; lastKnownFileType = sourcecode.c.h; path = InProgressViewController.h; sourceTree = "<group>"; };
		6CD0249D2BD50FDD00EC3285 /* InProgressViewController.m */ = {isa = PBXFileReference; lastKnownFileType = sourcecode.c.objc; path = InProgressViewController.m; sourceTree = "<group>"; };
		6CD0249F2BD50FF800EC3285 /* DoneViewController.h */ = {isa = PBXFileReference; lastKnownFileType = sourcecode.c.h; path = DoneViewController.h; sourceTree = "<group>"; };
		6CD024A02BD50FF800EC3285 /* DoneViewController.m */ = {isa = PBXFileReference; lastKnownFileType = sourcecode.c.objc; path = DoneViewController.m; sourceTree = "<group>"; };
		6CD024A22BD5169E00EC3285 /* TodoDetailsViewController.h */ = {isa = PBXFileReference; lastKnownFileType = sourcecode.c.h; path = TodoDetailsViewController.h; sourceTree = "<group>"; };
		6CD024A32BD5169E00EC3285 /* TodoDetailsViewController.m */ = {isa = PBXFileReference; lastKnownFileType = sourcecode.c.objc; path = TodoDetailsViewController.m; sourceTree = "<group>"; };
		6CD024A52BD5313700EC3285 /* TodoData.h */ = {isa = PBXFileReference; lastKnownFileType = sourcecode.c.h; path = TodoData.h; sourceTree = "<group>"; };
		6CD024A62BD5313700EC3285 /* TodoData.m */ = {isa = PBXFileReference; lastKnownFileType = sourcecode.c.objc; path = TodoData.m; sourceTree = "<group>"; };
/* End PBXFileReference section */

/* Begin PBXFrameworksBuildPhase section */
		6CD024612BD50C0500EC3285 /* Frameworks */ = {
			isa = PBXFrameworksBuildPhase;
			buildActionMask = 2147483647;
			files = (
			);
			runOnlyForDeploymentPostprocessing = 0;
		};
		6CD0247C2BD50C1500EC3285 /* Frameworks */ = {
			isa = PBXFrameworksBuildPhase;
			buildActionMask = 2147483647;
			files = (
			);
			runOnlyForDeploymentPostprocessing = 0;
		};
		6CD024862BD50C1500EC3285 /* Frameworks */ = {
			isa = PBXFrameworksBuildPhase;
			buildActionMask = 2147483647;
			files = (
			);
			runOnlyForDeploymentPostprocessing = 0;
		};
/* End PBXFrameworksBuildPhase section */

/* Begin PBXGroup section */
		6CD0245B2BD50C0500EC3285 = {
			isa = PBXGroup;
			children = (
				6CD024662BD50C0600EC3285 /* TodoListApp */,
				6CD024822BD50C1500EC3285 /* TodoListAppTests */,
				6CD0248C2BD50C1500EC3285 /* TodoListAppUITests */,
				6CD024652BD50C0600EC3285 /* Products */,
			);
			sourceTree = "<group>";
		};
		6CD024652BD50C0600EC3285 /* Products */ = {
			isa = PBXGroup;
			children = (
				6CD024642BD50C0600EC3285 /* TodoListApp.app */,
				6CD0247F2BD50C1500EC3285 /* TodoListAppTests.xctest */,
				6CD024892BD50C1500EC3285 /* TodoListAppUITests.xctest */,
			);
			name = Products;
			sourceTree = "<group>";
		};
		6CD024662BD50C0600EC3285 /* TodoListApp */ = {
			isa = PBXGroup;
			children = (
				6CD024672BD50C0600EC3285 /* AppDelegate.h */,
				6CD024682BD50C0600EC3285 /* AppDelegate.m */,
				6CD0246A2BD50C0600EC3285 /* SceneDelegate.h */,
				6CD0246B2BD50C0600EC3285 /* SceneDelegate.m */,
				6CD0246D2BD50C0600EC3285 /* ViewController.h */,
				6CD0246E2BD50C0600EC3285 /* ViewController.m */,
				6CA318632BD5D38A007E2801 /* high.png */,
				6CD024702BD50C0600EC3285 /* Main.storyboard */,
				6CD024732BD50C1300EC3285 /* Assets.xcassets */,
				6CA318612BD5D387007E2801 /* meduim.png */,
				6CA3185F2BD5CBB5007E2801 /* low.png */,
				6CD024752BD50C1300EC3285 /* LaunchScreen.storyboard */,
				6CD024782BD50C1300EC3285 /* Info.plist */,
				6CD024792BD50C1300EC3285 /* main.m */,
				6CD0249C2BD50FDD00EC3285 /* InProgressViewController.h */,
				6CD0249D2BD50FDD00EC3285 /* InProgressViewController.m */,
				6CD0249F2BD50FF800EC3285 /* DoneViewController.h */,
				6CD024A02BD50FF800EC3285 /* DoneViewController.m */,
				6CD024A22BD5169E00EC3285 /* TodoDetailsViewController.h */,
				6CD024A32BD5169E00EC3285 /* TodoDetailsViewController.m */,
				6CD024A52BD5313700EC3285 /* TodoData.h */,
				6CD024A62BD5313700EC3285 /* TodoData.m */,
				6CA3185B2BD5BA45007E2801 /* TodoDetailsViewControllerDelegate.h */,
				6CA3185C2BD5CAC8007E2801 /* CustomTableViewCell.h */,
				6CA3185D2BD5CAC8007E2801 /* CustomTableViewCell.m */,
				6CA318652BD6275B007E2801 /* EditTableViewCell.h */,
				6CA318662BD6275B007E2801 /* EditTableViewCell.m */,
			);
			path = TodoListApp;
			sourceTree = "<group>";
		};
		6CD024822BD50C1500EC3285 /* TodoListAppTests */ = {
			isa = PBXGroup;
			children = (
				6CD024832BD50C1500EC3285 /* TodoListAppTests.m */,
			);
			path = TodoListAppTests;
			sourceTree = "<group>";
		};
		6CD0248C2BD50C1500EC3285 /* TodoListAppUITests */ = {
			isa = PBXGroup;
			children = (
				6CD0248D2BD50C1500EC3285 /* TodoListAppUITests.m */,
				6CD0248F2BD50C1500EC3285 /* TodoListAppUITestsLaunchTests.m */,
			);
			path = TodoListAppUITests;
			sourceTree = "<group>";
		};
/* End PBXGroup section */

/* Begin PBXNativeTarget section */
		6CD024632BD50C0500EC3285 /* TodoListApp */ = {
			isa = PBXNativeTarget;
			buildConfigurationList = 6CD024932BD50C1500EC3285 /* Build configuration list for PBXNativeTarget "TodoListApp" */;
			buildPhases = (
				6CD024602BD50C0500EC3285 /* Sources */,
				6CD024612BD50C0500EC3285 /* Frameworks */,
				6CD024622BD50C0500EC3285 /* Resources */,
			);
			buildRules = (
			);
			dependencies = (
			);
			name = TodoListApp;
			productName = TodoListApp;
			productReference = 6CD024642BD50C0600EC3285 /* TodoListApp.app */;
			productType = "com.apple.product-type.application";
		};
		6CD0247E2BD50C1500EC3285 /* TodoListAppTests */ = {
			isa = PBXNativeTarget;
			buildConfigurationList = 6CD024962BD50C1500EC3285 /* Build configuration list for PBXNativeTarget "TodoListAppTests" */;
			buildPhases = (
				6CD0247B2BD50C1500EC3285 /* Sources */,
				6CD0247C2BD50C1500EC3285 /* Frameworks */,
				6CD0247D2BD50C1500EC3285 /* Resources */,
			);
			buildRules = (
			);
			dependencies = (
				6CD024812BD50C1500EC3285 /* PBXTargetDependency */,
			);
			name = TodoListAppTests;
			productName = TodoListAppTests;
			productReference = 6CD0247F2BD50C1500EC3285 /* TodoListAppTests.xctest */;
			productType = "com.apple.product-type.bundle.unit-test";
		};
		6CD024882BD50C1500EC3285 /* TodoListAppUITests */ = {
			isa = PBXNativeTarget;
			buildConfigurationList = 6CD024992BD50C1500EC3285 /* Build configuration list for PBXNativeTarget "TodoListAppUITests" */;
			buildPhases = (
				6CD024852BD50C1500EC3285 /* Sources */,
				6CD024862BD50C1500EC3285 /* Frameworks */,
				6CD024872BD50C1500EC3285 /* Resources */,
			);
			buildRules = (
			);
			dependencies = (
				6CD0248B2BD50C1500EC3285 /* PBXTargetDependency */,
			);
			name = TodoListAppUITests;
			productName = TodoListAppUITests;
			productReference = 6CD024892BD50C1500EC3285 /* TodoListAppUITests.xctest */;
			productType = "com.apple.product-type.bundle.ui-testing";
		};
/* End PBXNativeTarget section */

/* Begin PBXProject section */
		6CD0245C2BD50C0500EC3285 /* Project object */ = {
			isa = PBXProject;
			attributes = {
				BuildIndependentTargetsInParallel = 1;
				LastUpgradeCheck = 1520;
				TargetAttributes = {
					6CD024632BD50C0500EC3285 = {
						CreatedOnToolsVersion = 15.2;
					};
					6CD0247E2BD50C1500EC3285 = {
						CreatedOnToolsVersion = 15.2;
						TestTargetID = 6CD024632BD50C0500EC3285;
					};
					6CD024882BD50C1500EC3285 = {
						CreatedOnToolsVersion = 15.2;
						TestTargetID = 6CD024632BD50C0500EC3285;
					};
				};
			};
			buildConfigurationList = 6CD0245F2BD50C0500EC3285 /* Build configuration list for PBXProject "TodoListApp" */;
			compatibilityVersion = "Xcode 14.0";
			developmentRegion = en;
			hasScannedForEncodings = 0;
			knownRegions = (
				en,
				Base,
			);
			mainGroup = 6CD0245B2BD50C0500EC3285;
			productRefGroup = 6CD024652BD50C0600EC3285 /* Products */;
			projectDirPath = "";
			projectRoot = "";
			targets = (
				6CD024632BD50C0500EC3285 /* TodoListApp */,
				6CD0247E2BD50C1500EC3285 /* TodoListAppTests */,
				6CD024882BD50C1500EC3285 /* TodoListAppUITests */,
			);
		};
/* End PBXProject section */

/* Begin PBXResourcesBuildPhase section */
		6CD024622BD50C0500EC3285 /* Resources */ = {
			isa = PBXResourcesBuildPhase;
			buildActionMask = 2147483647;
			files = (
				6CA318602BD5CBB5007E2801 /* low.png in Resources */,
				6CA318622BD5D387007E2801 /* meduim.png in Resources */,
				6CD024772BD50C1300EC3285 /* LaunchScreen.storyboard in Resources */,
				6CD024742BD50C1300EC3285 /* Assets.xcassets in Resources */,
				6CD024722BD50C0600EC3285 /* Main.storyboard in Resources */,
				6CA318642BD5D38A007E2801 /* high.png in Resources */,
			);
			runOnlyForDeploymentPostprocessing = 0;
		};
		6CD0247D2BD50C1500EC3285 /* Resources */ = {
			isa = PBXResourcesBuildPhase;
			buildActionMask = 2147483647;
			files = (
			);
			runOnlyForDeploymentPostprocessing = 0;
		};
		6CD024872BD50C1500EC3285 /* Resources */ = {
			isa = PBXResourcesBuildPhase;
			buildActionMask = 2147483647;
			files = (
			);
			runOnlyForDeploymentPostprocessing = 0;
		};
/* End PBXResourcesBuildPhase section */

/* Begin PBXSourcesBuildPhase section */
		6CD024602BD50C0500EC3285 /* Sources */ = {
			isa = PBXSourcesBuildPhase;
			buildActionMask = 2147483647;
			files = (
				6CD024A12BD50FF800EC3285 /* DoneViewController.m in Sources */,
				6CD0246F2BD50C0600EC3285 /* ViewController.m in Sources */,
				6CD0249E2BD50FDD00EC3285 /* InProgressViewController.m in Sources */,
				6CD024A42BD5169E00EC3285 /* TodoDetailsViewController.m in Sources */,
				6CD024692BD50C0600EC3285 /* AppDelegate.m in Sources */,
				6CA318672BD6275B007E2801 /* EditTableViewCell.m in Sources */,
				6CA3185E2BD5CAC8007E2801 /* CustomTableViewCell.m in Sources */,
				6CD024A72BD5313700EC3285 /* TodoData.m in Sources */,
				6CD0247A2BD50C1300EC3285 /* main.m in Sources */,
				6CD0246C2BD50C0600EC3285 /* SceneDelegate.m in Sources */,
			);
			runOnlyForDeploymentPostprocessing = 0;
		};
		6CD0247B2BD50C1500EC3285 /* Sources */ = {
			isa = PBXSourcesBuildPhase;
			buildActionMask = 2147483647;
			files = (
				6CD024842BD50C1500EC3285 /* TodoListAppTests.m in Sources */,
			);
			runOnlyForDeploymentPostprocessing = 0;
		};
		6CD024852BD50C1500EC3285 /* Sources */ = {
			isa = PBXSourcesBuildPhase;
			buildActionMask = 2147483647;
			files = (
				6CD024902BD50C1500EC3285 /* TodoListAppUITestsLaunchTests.m in Sources */,
				6CD0248E2BD50C1500EC3285 /* TodoListAppUITests.m in Sources */,
			);
			runOnlyForDeploymentPostprocessing = 0;
		};
/* End PBXSourcesBuildPhase section */

/* Begin PBXTargetDependency section */
		6CD024812BD50C1500EC3285 /* PBXTargetDependency */ = {
			isa = PBXTargetDependency;
			target = 6CD024632BD50C0500EC3285 /* TodoListApp */;
			targetProxy = 6CD024802BD50C1500EC3285 /* PBXContainerItemProxy */;
		};
		6CD0248B2BD50C1500EC3285 /* PBXTargetDependency */ = {
			isa = PBXTargetDependency;
			target = 6CD024632BD50C0500EC3285 /* TodoListApp */;
			targetProxy = 6CD0248A2BD50C1500EC3285 /* PBXContainerItemProxy */;
		};
/* End PBXTargetDependency section */

/* Begin PBXVariantGroup section */
		6CD024702BD50C0600EC3285 /* Main.storyboard */ = {
			isa = PBXVariantGroup;
			children = (
				6CD024712BD50C0600EC3285 /* Base */,
			);
			name = Main.storyboard;
			sourceTree = "<group>";
		};
		6CD024752BD50C1300EC3285 /* LaunchScreen.storyboard */ = {
			isa = PBXVariantGroup;
			children = (
				6CD024762BD50C1300EC3285 /* Base */,
			);
			name = LaunchScreen.storyboard;
			sourceTree = "<group>";
		};
/* End PBXVariantGroup section */

/* Begin XCBuildConfiguration section */
		6CD024912BD50C1500EC3285 /* Debug */ = {
			isa = XCBuildConfiguration;
			buildSettings = {
				ALWAYS_SEARCH_USER_PATHS = NO;
				ASSETCATALOG_COMPILER_GENERATE_SWIFT_ASSET_SYMBOL_EXTENSIONS = YES;
				CLANG_ANALYZER_NONNULL = YES;
				CLANG_ANALYZER_NUMBER_OBJECT_CONVERSION = YES_AGGRESSIVE;
				CLANG_CXX_LANGUAGE_STANDARD = "gnu++20";
				CLANG_ENABLE_MODULES = YES;
				CLANG_ENABLE_OBJC_ARC = YES;
				CLANG_ENABLE_OBJC_WEAK = YES;
				CLANG_WARN_BLOCK_CAPTURE_AUTORELEASING = YES;
				CLANG_WARN_BOOL_CONVERSION = YES;
				CLANG_WARN_COMMA = YES;
				CLANG_WARN_CONSTANT_CONVERSION = YES;
				CLANG_WARN_DEPRECATED_OBJC_IMPLEMENTATIONS = YES;
				CLANG_WARN_DIRECT_OBJC_ISA_USAGE = YES_ERROR;
				CLANG_WARN_DOCUMENTATION_COMMENTS = YES;
				CLANG_WARN_EMPTY_BODY = YES;
				CLANG_WARN_ENUM_CONVERSION = YES;
				CLANG_WARN_INFINITE_RECURSION = YES;
				CLANG_WARN_INT_CONVERSION = YES;
				CLANG_WARN_NON_LITERAL_NULL_CONVERSION = YES;
				CLANG_WARN_OBJC_IMPLICIT_RETAIN_SELF = YES;
				CLANG_WARN_OBJC_LITERAL_CONVERSION = YES;
				CLANG_WARN_OBJC_ROOT_CLASS = YES_ERROR;
				CLANG_WARN_QUOTED_INCLUDE_IN_FRAMEWORK_HEADER = YES;
				CLANG_WARN_RANGE_LOOP_ANALYSIS = YES;
				CLANG_WARN_STRICT_PROTOTYPES = YES;
				CLANG_WARN_SUSPICIOUS_MOVE = YES;
				CLANG_WARN_UNGUARDED_AVAILABILITY = YES_AGGRESSIVE;
				CLANG_WARN_UNREACHABLE_CODE = YES;
				CLANG_WARN__DUPLICATE_METHOD_MATCH = YES;
				COPY_PHASE_STRIP = NO;
				DEBUG_INFORMATION_FORMAT = dwarf;
				ENABLE_STRICT_OBJC_MSGSEND = YES;
				ENABLE_TESTABILITY = YES;
				ENABLE_USER_SCRIPT_SANDBOXING = YES;
				GCC_C_LANGUAGE_STANDARD = gnu17;
				GCC_DYNAMIC_NO_PIC = NO;
				GCC_NO_COMMON_BLOCKS = YES;
				GCC_OPTIMIZATION_LEVEL = 0;
				GCC_PREPROCESSOR_DEFINITIONS = (
					"DEBUG=1",
					"$(inherited)",
				);
				GCC_WARN_64_TO_32_BIT_CONVERSION = YES;
				GCC_WARN_ABOUT_RETURN_TYPE = YES_ERROR;
				GCC_WARN_UNDECLARED_SELECTOR = YES;
				GCC_WARN_UNINITIALIZED_AUTOS = YES_AGGRESSIVE;
				GCC_WARN_UNUSED_FUNCTION = YES;
				GCC_WARN_UNUSED_VARIABLE = YES;
				IPHONEOS_DEPLOYMENT_TARGET = 17.2;
				LOCALIZATION_PREFERS_STRING_CATALOGS = YES;
				MTL_ENABLE_DEBUG_INFO = INCLUDE_SOURCE;
				MTL_FAST_MATH = YES;
				ONLY_ACTIVE_ARCH = YES;
				SDKROOT = iphoneos;
			};
			name = Debug;
		};
		6CD024922BD50C1500EC3285 /* Release */ = {
			isa = XCBuildConfiguration;
			buildSettings = {
				ALWAYS_SEARCH_USER_PATHS = NO;
				ASSETCATALOG_COMPILER_GENERATE_SWIFT_ASSET_SYMBOL_EXTENSIONS = YES;
				CLANG_ANALYZER_NONNULL = YES;
				CLANG_ANALYZER_NUMBER_OBJECT_CONVERSION = YES_AGGRESSIVE;
				CLANG_CXX_LANGUAGE_STANDARD = "gnu++20";
				CLANG_ENABLE_MODULES = YES;
				CLANG_ENABLE_OBJC_ARC = YES;
				CLANG_ENABLE_OBJC_WEAK = YES;
				CLANG_WARN_BLOCK_CAPTURE_AUTORELEASING = YES;
				CLANG_WARN_BOOL_CONVERSION = YES;
				CLANG_WARN_COMMA = YES;
				CLANG_WARN_CONSTANT_CONVERSION = YES;
				CLANG_WARN_DEPRECATED_OBJC_IMPLEMENTATIONS = YES;
				CLANG_WARN_DIRECT_OBJC_ISA_USAGE = YES_ERROR;
				CLANG_WARN_DOCUMENTATION_COMMENTS = YES;
				CLANG_WARN_EMPTY_BODY = YES;
				CLANG_WARN_ENUM_CONVERSION = YES;
				CLANG_WARN_INFINITE_RECURSION = YES;
				CLANG_WARN_INT_CONVERSION = YES;
				CLANG_WARN_NON_LITERAL_NULL_CONVERSION = YES;
				CLANG_WARN_OBJC_IMPLICIT_RETAIN_SELF = YES;
				CLANG_WARN_OBJC_LITERAL_CONVERSION = YES;
				CLANG_WARN_OBJC_ROOT_CLASS = YES_ERROR;
				CLANG_WARN_QUOTED_INCLUDE_IN_FRAMEWORK_HEADER = YES;
				CLANG_WARN_RANGE_LOOP_ANALYSIS = YES;
				CLANG_WARN_STRICT_PROTOTYPES = YES;
				CLANG_WARN_SUSPICIOUS_MOVE = YES;
				CLANG_WARN_UNGUARDED_AVAILABILITY = YES_AGGRESSIVE;
				CLANG_WARN_UNREACHABLE_CODE = YES;
				CLANG_WARN__DUPLICATE_METHOD_MATCH = YES;
				COPY_PHASE_STRIP = NO;
				DEBUG_INFORMATION_FORMAT = "dwarf-with-dsym";
				ENABLE_NS_ASSERTIONS = NO;
				ENABLE_STRICT_OBJC_MSGSEND = YES;
				ENABLE_USER_SCRIPT_SANDBOXING = YES;
				GCC_C_LANGUAGE_STANDARD = gnu17;
				GCC_NO_COMMON_BLOCKS = YES;
				GCC_WARN_64_TO_32_BIT_CONVERSION = YES;
				GCC_WARN_ABOUT_RETURN_TYPE = YES_ERROR;
				GCC_WARN_UNDECLARED_SELECTOR = YES;
				GCC_WARN_UNINITIALIZED_AUTOS = YES_AGGRESSIVE;
				GCC_WARN_UNUSED_FUNCTION = YES;
				GCC_WARN_UNUSED_VARIABLE = YES;
				IPHONEOS_DEPLOYMENT_TARGET = 17.2;
				LOCALIZATION_PREFERS_STRING_CATALOGS = YES;
				MTL_ENABLE_DEBUG_INFO = NO;
				MTL_FAST_MATH = YES;
				SDKROOT = iphoneos;
				VALIDATE_PRODUCT = YES;
			};
			name = Release;
		};
		6CD024942BD50C1500EC3285 /* Debug */ = {
			isa = XCBuildConfiguration;
			buildSettings = {
				ASSETCATALOG_COMPILER_APPICON_NAME = AppIcon;
				ASSETCATALOG_COMPILER_GLOBAL_ACCENT_COLOR_NAME = AccentColor;
				CODE_SIGN_STYLE = Automatic;
				CURRENT_PROJECT_VERSION = 1;
				GENERATE_INFOPLIST_FILE = YES;
				INFOPLIST_FILE = TodoListApp/Info.plist;
				INFOPLIST_KEY_UIApplicationSupportsIndirectInputEvents = YES;
				INFOPLIST_KEY_UILaunchStoryboardName = LaunchScreen;
				INFOPLIST_KEY_UIMainStoryboardFile = Main;
				INFOPLIST_KEY_UISupportedInterfaceOrientations_iPad = "UIInterfaceOrientationPortrait UIInterfaceOrientationPortraitUpsideDown UIInterfaceOrientationLandscapeLeft UIInterfaceOrientationLandscapeRight";
				INFOPLIST_KEY_UISupportedInterfaceOrientations_iPhone = "UIInterfaceOrientationPortrait UIInterfaceOrientationLandscapeLeft UIInterfaceOrientationLandscapeRight";
				IPHONEOS_DEPLOYMENT_TARGET = 16.4;
				LD_RUNPATH_SEARCH_PATHS = (
					"$(inherited)",
					"@executable_path/Frameworks",
				);
				MARKETING_VERSION = 1.0;
				PRODUCT_BUNDLE_IDENTIFIER = ITI.TodoListApp;
				PRODUCT_NAME = "$(TARGET_NAME)";
				SWIFT_EMIT_LOC_STRINGS = YES;
				TARGETED_DEVICE_FAMILY = "1,2";
			};
			name = Debug;
		};
		6CD024952BD50C1500EC3285 /* Release */ = {
			isa = XCBuildConfiguration;
			buildSettings = {
				ASSETCATALOG_COMPILER_APPICON_NAME = AppIcon;
				ASSETCATALOG_COMPILER_GLOBAL_ACCENT_COLOR_NAME = AccentColor;
				CODE_SIGN_STYLE = Automatic;
				CURRENT_PROJECT_VERSION = 1;
				GENERATE_INFOPLIST_FILE = YES;
				INFOPLIST_FILE = TodoListApp/Info.plist;
				INFOPLIST_KEY_UIApplicationSupportsIndirectInputEvents = YES;
				INFOPLIST_KEY_UILaunchStoryboardName = LaunchScreen;
				INFOPLIST_KEY_UIMainStoryboardFile = Main;
				INFOPLIST_KEY_UISupportedInterfaceOrientations_iPad = "UIInterfaceOrientationPortrait UIInterfaceOrientationPortraitUpsideDown UIInterfaceOrientationLandscapeLeft UIInterfaceOrientationLandscapeRight";
				INFOPLIST_KEY_UISupportedInterfaceOrientations_iPhone = "UIInterfaceOrientationPortrait UIInterfaceOrientationLandscapeLeft UIInterfaceOrientationLandscapeRight";
				IPHONEOS_DEPLOYMENT_TARGET = 16.4;
				LD_RUNPATH_SEARCH_PATHS = (
					"$(inherited)",
					"@executable_path/Frameworks",
				);
				MARKETING_VERSION = 1.0;
				PRODUCT_BUNDLE_IDENTIFIER = ITI.TodoListApp;
				PRODUCT_NAME = "$(TARGET_NAME)";
				SWIFT_EMIT_LOC_STRINGS = YES;
				TARGETED_DEVICE_FAMILY = "1,2";
			};
			name = Release;
		};
		6CD024972BD50C1500EC3285 /* Debug */ = {
			isa = XCBuildConfiguration;
			buildSettings = {
				BUNDLE_LOADER = "$(TEST_HOST)";
				CODE_SIGN_STYLE = Automatic;
				CURRENT_PROJECT_VERSION = 1;
				GENERATE_INFOPLIST_FILE = YES;
				IPHONEOS_DEPLOYMENT_TARGET = 17.2;
				MARKETING_VERSION = 1.0;
				PRODUCT_BUNDLE_IDENTIFIER = ITI.TodoListAppTests;
				PRODUCT_NAME = "$(TARGET_NAME)";
				SWIFT_EMIT_LOC_STRINGS = NO;
				TARGETED_DEVICE_FAMILY = "1,2";
				TEST_HOST = "$(BUILT_PRODUCTS_DIR)/TodoListApp.app/$(BUNDLE_EXECUTABLE_FOLDER_PATH)/TodoListApp";
			};
			name = Debug;
		};
		6CD024982BD50C1500EC3285 /* Release */ = {
			isa = XCBuildConfiguration;
			buildSettings = {
				BUNDLE_LOADER = "$(TEST_HOST)";
				CODE_SIGN_STYLE = Automatic;
				CURRENT_PROJECT_VERSION = 1;
				GENERATE_INFOPLIST_FILE = YES;
				IPHONEOS_DEPLOYMENT_TARGET = 17.2;
				MARKETING_VERSION = 1.0;
				PRODUCT_BUNDLE_IDENTIFIER = ITI.TodoListAppTests;
				PRODUCT_NAME = "$(TARGET_NAME)";
				SWIFT_EMIT_LOC_STRINGS = NO;
				TARGETED_DEVICE_FAMILY = "1,2";
				TEST_HOST = "$(BUILT_PRODUCTS_DIR)/TodoListApp.app/$(BUNDLE_EXECUTABLE_FOLDER_PATH)/TodoListApp";
			};
			name = Release;
		};
		6CD0249A2BD50C1500EC3285 /* Debug */ = {
			isa = XCBuildConfiguration;
			buildSettings = {
				CODE_SIGN_STYLE = Automatic;
				CURRENT_PROJECT_VERSION = 1;
				GENERATE_INFOPLIST_FILE = YES;
				MARKETING_VERSION = 1.0;
				PRODUCT_BUNDLE_IDENTIFIER = ITI.TodoListAppUITests;
				PRODUCT_NAME = "$(TARGET_NAME)";
				SWIFT_EMIT_LOC_STRINGS = NO;
				TARGETED_DEVICE_FAMILY = "1,2";
				TEST_TARGET_NAME = TodoListApp;
			};
			name = Debug;
		};
		6CD0249B2BD50C1500EC3285 /* Release */ = {
			isa = XCBuildConfiguration;
			buildSettings = {
				CODE_SIGN_STYLE = Automatic;
				CURRENT_PROJECT_VERSION = 1;
				GENERATE_INFOPLIST_FILE = YES;
				MARKETING_VERSION = 1.0;
				PRODUCT_BUNDLE_IDENTIFIER = ITI.TodoListAppUITests;
				PRODUCT_NAME = "$(TARGET_NAME)";
				SWIFT_EMIT_LOC_STRINGS = NO;
				TARGETED_DEVICE_FAMILY = "1,2";
				TEST_TARGET_NAME = TodoListApp;
			};
			name = Release;
		};
/* End XCBuildConfiguration section */

/* Begin XCConfigurationList section */
		6CD0245F2BD50C0500EC3285 /* Build configuration list for PBXProject "TodoListApp" */ = {
			isa = XCConfigurationList;
			buildConfigurations = (
				6CD024912BD50C1500EC3285 /* Debug */,
				6CD024922BD50C1500EC3285 /* Release */,
			);
			defaultConfigurationIsVisible = 0;
			defaultConfigurationName = Release;
		};
		6CD024932BD50C1500EC3285 /* Build configuration list for PBXNativeTarget "TodoListApp" */ = {
			isa = XCConfigurationList;
			buildConfigurations = (
				6CD024942BD50C1500EC3285 /* Debug */,
				6CD024952BD50C1500EC3285 /* Release */,
			);
			defaultConfigurationIsVisible = 0;
			defaultConfigurationName = Release;
		};
		6CD024962BD50C1500EC3285 /* Build configuration list for PBXNativeTarget "TodoListAppTests" */ = {
			isa = XCConfigurationList;
			buildConfigurations = (
				6CD024972BD50C1500EC3285 /* Debug */,
				6CD024982BD50C1500EC3285 /* Release */,
			);
			defaultConfigurationIsVisible = 0;
			defaultConfigurationName = Release;
		};
		6CD024992BD50C1500EC3285 /* Build configuration list for PBXNativeTarget "TodoListAppUITests" */ = {
			isa = XCConfigurationList;
			buildConfigurations = (
				6CD0249A2BD50C1500EC3285 /* Debug */,
				6CD0249B2BD50C1500EC3285 /* Release */,
			);
			defaultConfigurationIsVisible = 0;
			defaultConfigurationName = Release;
		};
/* End XCConfigurationList section */
	};
	rootObject = 6CD0245C2BD50C0500EC3285 /* Project object */;
}
